<?xml version="1.0" encoding="UTF-8" standalone="yes" ?>
<CodeBlocks_project_file>
	<FileVersion major="1" minor="6" />
	<Project>
		<Option title="nomedia" />
		<Option makefile_is_custom="1" />
		<Option pch_mode="2" />
		<Option compiler="gcc" />
		<Build>
			<Target title="Debug">
				<Option output="debug/dynamic/nomedia" prefix_auto="1" extension_auto="1" />
				<Option object_output="src/lib/" />
				<Option type="1" />
				<Option compiler="gcc" />
				<Compiler>
					<Add option="-g" />
				</Compiler>
				<MakeCommands>
					<Build command="$make -f $makefile debugdynamic" />
					<CompileFile command="$make -f $makefile $file" />
					<Clean command="$make -f $makefile clean pch buildlibslinux buildarchivelinux" />
					<DistClean command="$make -f $makefile distclean$target" />
					<AskRebuildNeeded command="$make -q -f $makefile debugdynamic" />
					<SilentBuild command="$make -f $makefile debugdynamic &gt; $(CMD_NULL)" />
				</MakeCommands>
			</Target>
			<Target title="Release">
				<Option output="release/dynamic/nomedia" prefix_auto="1" extension_auto="1" />
				<Option object_output="src/lib/" />
				<Option type="1" />
				<Option compiler="gcc" />
				<Compiler>
					<Add option="-O2" />
				</Compiler>
				<Linker>
					<Add option="-s" />
				</Linker>
				<MakeCommands>
					<Build command="$make -f $makefile releasedynamic" />
					<CompileFile command="$make -f $makefile $file" />
					<Clean command="$make -f $makefile clean pch buildlibslinux buildarchivelinux" />
					<DistClean command="$make -f $makefile distclean$target" />
					<AskRebuildNeeded command="$make -q -f $makefile releasedynamic" />
					<SilentBuild command="$make -f $makefile releasedynamic &gt; $(CMD_NULL)" />
				</MakeCommands>
			</Target>
		</Build>
		<Compiler>
			<Add option="-Wall" />
			<Add option="-fexceptions" />
		</Compiler>
		<ExtraCommands>
			<Add before="./prebuild" />
		</ExtraCommands>
		<Unit filename="Makefile" />
		<Unit filename="src/include/ArgParser.cpp" />
		<Unit filename="src/include/ArgParser.h" />
		<Unit filename="src/include/Bench.cpp" />
		<Unit filename="src/include/Bench.h" />
		<Unit filename="src/include/Functions.cpp" />
		<Unit filename="src/include/Functions.h" />
		<Unit filename="src/include/Pipe.cpp" />
		<Unit filename="src/include/Pipe.h" />
		<Unit filename="src/include/pch.cpp" />
		<Unit filename="src/include/pch.h" />
		<Unit filename="src/main.cpp" />
		<Extensions />
	</Project>
</CodeBlocks_project_file>
